{
    "_meta": {
        "hash": {
            "sha256": "66a679be878dfd2bd6c2299e9fd4c58e7e809e9cb4536b7e875a384c2dbacf82"
        },
        "pipfile-spec": 6,
        "requires": {
            "python_version": "3.7"
        },
        "sources": [
            {
                "name": "pypi",
                "url": "https://pypi.org/simple",
                "verify_ssl": true
            }
        ]
    },
    "default": {
        "click": {
            "hashes": [
                "sha256:d2b5255c7c6349bc1bd1e59e08cd12acbbd63ce649f2588755783aa94dfb6b1a",
                "sha256:dacca89f4bfadd5de3d7489b7c8a566eee0d3676333fbb50030263894c38c0dc"
            ],
            "index": "pypi",
            "version": "==7.1.2"
        },
        "colorama": {
            "hashes": [
                "sha256:5941b2b48a20143d2267e95b1c2a7603ce057ee39fd88e7329b0c292aa16869b",
                "sha256:9f47eda37229f68eee03b24b9748937c7dc3868f906e8ba69fbcbdd3bc5dc3e2"
            ],
            "markers": "python_version >= '2.7' and python_version not in '3.0, 3.1, 3.2, 3.3, 3.4'",
            "version": "==0.4.4"
        },
        "commonmark": {
            "hashes": [
                "sha256:452f9dc859be7f06631ddcb328b6919c67984aca654e5fefb3914d54691aed60",
                "sha256:da2f38c92590f83de410ba1a3cbceafbc74fee9def35f9251ba9a971d6d66fd9"
            ],
            "version": "==0.9.1"
        },
        "pygments": {
            "hashes": [
                "sha256:2656e1a6edcdabf4275f9a3640db59fd5de107d88e8663c5d4e9a0fa62f77f94",
                "sha256:534ef71d539ae97d4c3a4cf7d6f110f214b0e687e92f9cb9d2a3b0d3101289c8"
            ],
            "markers": "python_version >= '3.5'",
            "version": "==2.8.1"
        },
        "pysam": {
            "hashes": [
                "sha256:107eca9050d8140910b5ea5c5a9e66313e1155eb44cc180e10f48f9cb71e8095",
                "sha256:3eb70111a5ed86cc7a048c9b2205087b1184093e6135f02ad7f144b206951452",
                "sha256:9da29490c666a963e5a7f6f5114e86c9b36a8a6adc2227f5772bdc38c09d2d37",
                "sha256:9e3597a49e4bc72c31199d6231018ad3034e08a8243b9f8086953afb2ab5a3af",
                "sha256:a5a0fc1f0d724d0b7789341add26ba181ac009430021f0998f6083fb62432193",
                "sha256:d428a9768691d5ea3c28cc52a949c920ae691aa4c110a8b7328dc4d165ef1ad6",
                "sha256:f65659deadc4904984de24cb6f3878b6052cf504a2a85a50b80f2ff7939f96db"
            ],
            "index": "pypi",
            "version": "==0.16.0.1"
        },
        "rich": {
            "hashes": [
                "sha256:60cd6d6ea697a1704f2057e791e3062b506b5c74a6e2ad2ced71eccb37557259",
                "sha256:8f05431091601888c50341697cfc421dc398ce37b12bca0237388ef9c7e2c9e9"
            ],
            "index": "pypi",
            "version": "==10.1.0"
        },
        "typing-extensions": {
            "hashes": [
                "sha256:7cb407020f00f7bfc3cb3e7881628838e69d8f3fcab2f64742a5e76b2f841918",
                "sha256:99d4073b617d30288f569d3f13d2bd7548c3a7e4c8de87db09a9d29bb3a4a60c",
                "sha256:dafc7639cde7f1b6e1acc0f457842a83e722ccca8eef5270af2d74792619a89f"
            ],
            "version": "==3.7.4.3"
        }
    },
    "develop": {}
}
